
Microsoft Visual Studio Solution File, Format Version 12.00
# Visual Studio Version 17
VisualStudioVersion = 17.14.36414.22
MinimumVisualStudioVersion = 10.0.40219.1
Project("{54A90642-561A-4BB1-A94E-469ADEE60C69}") = "ugoki.client", "ugoki.client\ugoki.client.esproj", "{1F44F911-FE5E-D3EA-6ABD-34268D47DC32}"
EndProject
Project("{FAE04EC0-301F-11D3-BF4B-00C04F79EFBC}") = "Ugoki.Server", "Ugoki.Server\Ugoki.Server.csproj", "{B2AD808B-8F8A-4689-9B77-48CCA475CB55}"
EndProject
Project("{FAE04EC0-301F-11D3-BF4B-00C04F79EFBC}") = "Ugoki.Data", "Ugoki.Data\Ugoki.Data.csproj", "{8BE12D92-5BFF-4D13-AE13-2685C9383D9F}"
EndProject
Project("{FAE04EC0-301F-11D3-BF4B-00C04F79EFBC}") = "Ugoki.Application", "Ugoki.Application\Ugoki.Application.csproj", "{2E1787A1-9089-4ED8-AADF-FC93EC51E101}"
EndProject
Project("{FAE04EC0-301F-11D3-BF4B-00C04F79EFBC}") = "Ugoki.Domain", "Ugoki.Domain\Ugoki.Domain.csproj", "{83797BB1-9BF7-45FF-A735-9DC30094225F}"
EndProject
Project("{FAE04EC0-301F-11D3-BF4B-00C04F79EFBC}") = "Ugoki.IdentityApi", "Ugoki.IdentityApi\Ugoki.IdentityApi.csproj", "{96B6124A-12D0-46CE-BC3D-7C206787E851}"
EndProject
Global
	GlobalSection(SolutionConfigurationPlatforms) = preSolution
		Debug|Any CPU = Debug|Any CPU
		Release|Any CPU = Release|Any CPU
	EndGlobalSection
	GlobalSection(ProjectConfigurationPlatforms) = postSolution
		{1F44F911-FE5E-D3EA-6ABD-34268D47DC32}.Debug|Any CPU.ActiveCfg = Debug|Any CPU
		{1F44F911-FE5E-D3EA-6ABD-34268D47DC32}.Debug|Any CPU.Build.0 = Debug|Any CPU
		{1F44F911-FE5E-D3EA-6ABD-34268D47DC32}.Debug|Any CPU.Deploy.0 = Debug|Any CPU
		{1F44F911-FE5E-D3EA-6ABD-34268D47DC32}.Release|Any CPU.ActiveCfg = Release|Any CPU
		{1F44F911-FE5E-D3EA-6ABD-34268D47DC32}.Release|Any CPU.Build.0 = Release|Any CPU
		{1F44F911-FE5E-D3EA-6ABD-34268D47DC32}.Release|Any CPU.Deploy.0 = Release|Any CPU
		{B2AD808B-8F8A-4689-9B77-48CCA475CB55}.Debug|Any CPU.ActiveCfg = Debug|Any CPU
		{B2AD808B-8F8A-4689-9B77-48CCA475CB55}.Debug|Any CPU.Build.0 = Debug|Any CPU
		{B2AD808B-8F8A-4689-9B77-48CCA475CB55}.Release|Any CPU.ActiveCfg = Release|Any CPU
		{B2AD808B-8F8A-4689-9B77-48CCA475CB55}.Release|Any CPU.Build.0 = Release|Any CPU
		{8BE12D92-5BFF-4D13-AE13-2685C9383D9F}.Debug|Any CPU.ActiveCfg = Debug|Any CPU
		{8BE12D92-5BFF-4D13-AE13-2685C9383D9F}.Debug|Any CPU.Build.0 = Debug|Any CPU
		{8BE12D92-5BFF-4D13-AE13-2685C9383D9F}.Release|Any CPU.ActiveCfg = Release|Any CPU
		{8BE12D92-5BFF-4D13-AE13-2685C9383D9F}.Release|Any CPU.Build.0 = Release|Any CPU
		{2E1787A1-9089-4ED8-AADF-FC93EC51E101}.Debug|Any CPU.ActiveCfg = Debug|Any CPU
		{2E1787A1-9089-4ED8-AADF-FC93EC51E101}.Debug|Any CPU.Build.0 = Debug|Any CPU
		{2E1787A1-9089-4ED8-AADF-FC93EC51E101}.Release|Any CPU.ActiveCfg = Release|Any CPU
		{2E1787A1-9089-4ED8-AADF-FC93EC51E101}.Release|Any CPU.Build.0 = Release|Any CPU
		{83797BB1-9BF7-45FF-A735-9DC30094225F}.Debug|Any CPU.ActiveCfg = Debug|Any CPU
		{83797BB1-9BF7-45FF-A735-9DC30094225F}.Debug|Any CPU.Build.0 = Debug|Any CPU
		{83797BB1-9BF7-45FF-A735-9DC30094225F}.Release|Any CPU.ActiveCfg = Release|Any CPU
		{83797BB1-9BF7-45FF-A735-9DC30094225F}.Release|Any CPU.Build.0 = Release|Any CPU
		{96B6124A-12D0-46CE-BC3D-7C206787E851}.Debug|Any CPU.ActiveCfg = Debug|Any CPU
		{96B6124A-12D0-46CE-BC3D-7C206787E851}.Debug|Any CPU.Build.0 = Debug|Any CPU
		{96B6124A-12D0-46CE-BC3D-7C206787E851}.Release|Any CPU.ActiveCfg = Release|Any CPU
		{96B6124A-12D0-46CE-BC3D-7C206787E851}.Release|Any CPU.Build.0 = Release|Any CPU
	EndGlobalSection
	GlobalSection(SolutionProperties) = preSolution
		HideSolutionNode = FALSE
	EndGlobalSection
	GlobalSection(ExtensibilityGlobals) = postSolution
		SolutionGuid = {71D70362-99CC-441B-90BC-33970E2EA012}
	EndGlobalSection
EndGlobal
